
Microsoft Visual Studio Solution File, Format Version 12.00
# Visual Studio Version 16
VisualStudioVersion = 16.0.30225.117
MinimumVisualStudioVersion = 10.0.40219.1
Project("{FAE04EC0-301F-11D3-BF4B-00C04F79EFBC}") = "LinkedLListAssign", "LinkedLListAssign\LinkedLListAssign.csproj", "{F3C002B4-C0A4-4D75-A1AF-FB582DE629CD}"
EndProject
Global
	GlobalSection(SolutionConfigurationPlatforms) = preSolution
		Debug|Any CPU = Debug|Any CPU
		Release|Any CPU = Release|Any CPU
	EndGlobalSection
	GlobalSection(ProjectConfigurationPlatforms) = postSolution
		{F3C002B4-C0A4-4D75-A1AF-FB582DE629CD}.Debug|Any CPU.ActiveCfg = Debug|Any CPU
		{F3C002B4-C0A4-4D75-A1AF-FB582DE629CD}.Debug|Any CPU.Build.0 = Debug|Any CPU
		{F3C002B4-C0A4-4D75-A1AF-FB582DE629CD}.Release|Any CPU.ActiveCfg = Release|Any CPU
		{F3C002B4-C0A4-4D75-A1AF-FB582DE629CD}.Release|Any CPU.Build.0 = Release|Any CPU
	EndGlobalSection
	GlobalSection(SolutionProperties) = preSolution
		HideSolutionNode = FALSE
	EndGlobalSection
	GlobalSection(ExtensibilityGlobals) = postSolution
		SolutionGuid = {A6798FB9-162C-429B-A50A-B8C8B59853FD}
	EndGlobalSection
EndGlobal
